# This file is automatically @generated by Cargo.
# It is not intended for manual editing.
version = 3

[[package]]
name = "autocfg"
version = "1.5.0"
source = "registry+https://github.com/rust-lang/crates.io-index"
checksum = "c08606f8c3cbf4ce6ec8e28fb0014a2c086708fe954eaa885384a6165172e7e8"

[[package]]
name = "funty"
version = "2.0.0"
source = "registry+https://github.com/rust-lang/crates.io-index"
checksum = "e6d5a32815ae3f33302d95fdcb2ce17862f8c65363dcfd29360480ba1001fc9c"

[[package]]
name = "num-traits"
version = "0.2.19"
source = "registry+https://github.com/rust-lang/crates.io-index"
checksum = "071dfc062690e90b734c0b2273ce72ad0ffa95f0c74596bc250dcfd960262841"
dependencies = [
 "autocfg",
]

[[package]]
name = "platform-num"
version = "0.1.0-aplha.1"
source = "registry+https://github.com/rust-lang/crates.io-index"
checksum = "64f3d8a90b4188611f2923aec60f0d6a6b49663e5e883fcd5d422f0f24ffb7bd"
dependencies = [
 "num-traits",
]

[[package]]
name = "platform-trees"
version = "0.1.0-beta.1"
dependencies = [
 "funty",
 "platform-num",
]
